
Microsoft Visual Studio Solution File, Format Version 12.00
# Visual Studio Version 17
VisualStudioVersion = 17.4.33205.214
MinimumVisualStudioVersion = 10.0.40219.1
Project("{FAE04EC0-301F-11D3-BF4B-00C04F79EFBC}") = "Student_Registration_EF", "Student_Registration_EF\Student_Registration_EF.csproj", "{808A465D-74F7-4F00-855D-8A68E0ECED28}"
EndProject
Project("{2150E333-8FDC-42A3-9474-1A3956D46DE8}") = "Solution Items", "Solution Items", "{88B27149-EEF3-481D-BACA-751A5D660845}"
	ProjectSection(SolutionItems) = preProject
		.editorconfig = .editorconfig
	EndProjectSection
EndProject
Global
	GlobalSection(SolutionConfigurationPlatforms) = preSolution
		Debug|Any CPU = Debug|Any CPU
		Release|Any CPU = Release|Any CPU
	EndGlobalSection
	GlobalSection(ProjectConfigurationPlatforms) = postSolution
		{808A465D-74F7-4F00-855D-8A68E0ECED28}.Debug|Any CPU.ActiveCfg = Debug|Any CPU
		{808A465D-74F7-4F00-855D-8A68E0ECED28}.Debug|Any CPU.Build.0 = Debug|Any CPU
		{808A465D-74F7-4F00-855D-8A68E0ECED28}.Release|Any CPU.ActiveCfg = Release|Any CPU
		{808A465D-74F7-4F00-855D-8A68E0ECED28}.Release|Any CPU.Build.0 = Release|Any CPU
	EndGlobalSection
	GlobalSection(SolutionProperties) = preSolution
		HideSolutionNode = FALSE
	EndGlobalSection
	GlobalSection(ExtensibilityGlobals) = postSolution
		SolutionGuid = {DC5809C7-ED3E-45B9-9096-BDE6145B6C5A}
	EndGlobalSection
EndGlobal
